// !$*UTF8*$!
{
	archiveVersion = 1;
	classes = {
	};
	objectVersion = 46;
	objects = {

/* Begin PBXBuildFile section */
		6186E0ED1A2E052C001554B4 /* main.c in Sources */ = {isa = PBXBuildFile; fileRef = 6186E0EC1A2E052C001554B4 /* main.c */; };
/* End PBXBuildFile section */

/* Begin PBXCopyFilesBuildPhase section */
		6186E0E71A2E052C001554B4 /* CopyFiles */ = {
			isa = PBXCopyFilesBuildPhase;
			buildActionMask = 2147483647;
			dstPath = /usr/share/man/man1/;
			dstSubfolderSpec = 0;
			files = (
			);
			runOnlyForDeploymentPostprocessing = 1;
		};
/* End PBXCopyFilesBuildPhase section */

/* Begin PBXFileReference section */
		6186E0E91A2E052C001554B4 /* MemoryAllocation */ = {isa = PBXFileReference; explicitFileType = "compiled.mach-o.executable"; includeInIndex = 0; path = MemoryAllocation; sourceTree = BUILT_PRODUCTS_DIR; };
		6186E0EC1A2E052C001554B4 /* main.c */ = {isa = PBXFileReference; lastKnownFileType = sourcecode.c.c; path = main.c; sourceTree = "<group>"; };
/* End PBXFileReference section */

/* Begin PBXFrameworksBuildPhase section */
		6186E0E61A2E052C001554B4 /* Frameworks */ = {
			isa = PBXFrameworksBuildPhase;
			buildActionMask = 2147483647;
			files = (
			);
			runOnlyForDeploymentPostprocessing = 0;
		};
/* End PBXFrameworksBuildPhase section */

/* Begin PBXGroup section */
		6186E0E01A2E052C001554B4 = {
			isa = PBXGroup;
			children = (
				6186E0EB1A2E052C001554B4 /* MemoryAllocation */,
				6186E0EA1A2E052C001554B4 /* Products */,
			);
			sourceTree = "<group>";
		};
		6186E0EA1A2E052C001554B4 /* Products */ = {
			isa = PBXGroup;
			children = (
				6186E0E91A2E052C001554B4 /* MemoryAllocation */,
			);
			name = Products;
			sourceTree = "<group>";
		};
		6186E0EB1A2E052C001554B4 /* MemoryAllocation */ = {
			isa = PBXGroup;
			children = (
				6186E0EC1A2E052C001554B4 /* main.c */,
			);
			path = MemoryAllocation;
			sourceTree = "<group>";
		};
/* End PBXGroup section */

/* Begin PBXNativeTarget section */
		6186E0E81A2E052C001554B4 /* MemoryAllocation */ = {
			isa = PBXNativeTarget;
			buildConfigurationList = 6186E0F01A2E052C001554B4 /* Build configuration list for PBXNativeTarget "MemoryAllocation" */;
			buildPhases = (
				6186E0E51A2E052C001554B4 /* Sources */,
				6186E0E61A2E052C001554B4 /* Frameworks */,
				6186E0E71A2E052C001554B4 /* CopyFiles */,
			);
			buildRules = (
			);
			dependencies = (
			);
			name = MemoryAllocation;
			productName = MemoryAllocation;
			productReference = 6186E0E91A2E052C001554B4 /* MemoryAllocation */;
			productType = "com.apple.product-type.tool";
		};
/* End PBXNativeTarget section */

/* Begin PBXProject section */
		6186E0E11A2E052C001554B4 /* Project object */ = {
			isa = PBXProject;
			attributes = {
				LastUpgradeCheck = 0610;
				ORGANIZATIONNAME = "Justin Miller";
				TargetAttributes = {
					6186E0E81A2E052C001554B4 = {
						CreatedOnToolsVersion = 6.1;
					};
				};
			};
			buildConfigurationList = 6186E0E41A2E052C001554B4 /* Build configuration list for PBXProject "MemoryAllocation" */;
			compatibilityVersion = "Xcode 3.2";
			developmentRegion = English;
			hasScannedForEncodings = 0;
			knownRegions = (
				en,
			);
			mainGroup = 6186E0E01A2E052C001554B4;
			productRefGroup = 6186E0EA1A2E052C001554B4 /* Products */;
			projectDirPath = "";
			projectRoot = "";
			targets = (
				6186E0E81A2E052C001554B4 /* MemoryAllocation */,
			);
		};
/* End PBXProject section */

/* Begin PBXSourcesBuildPhase section */
		6186E0E51A2E052C001554B4 /* Sources */ = {
			isa = PBXSourcesBuildPhase;
			buildActionMask = 2147483647;
			files = (
				6186E0ED1A2E052C001554B4 /* main.c in Sources */,
			);
			runOnlyForDeploymentPostprocessing = 0;
		};
/* End PBXSourcesBuildPhase section */

/* Begin XCBuildConfiguration section */
		6186E0EE1A2E052C001554B4 /* Debug */ = {
			isa = XCBuildConfiguration;
			buildSettings = {
				ALWAYS_SEARCH_USER_PATHS = NO;
				CLANG_CXX_LANGUAGE_STANDARD = "gnu++0x";
				CLANG_CXX_LIBRARY = "libc++";
				CLANG_ENABLE_MODULES = YES;
				CLANG_ENABLE_OBJC_ARC = YES;
				CLANG_WARN_BOOL_CONVERSION = YES;
				CLANG_WARN_CONSTANT_CONVERSION = YES;
				CLANG_WARN_DIRECT_OBJC_ISA_USAGE = YES_ERROR;
				CLANG_WARN_EMPTY_BODY = YES;
				CLANG_WARN_ENUM_CONVERSION = YES;
				CLANG_WARN_INT_CONVERSION = YES;
				CLANG_WARN_OBJC_ROOT_CLASS = YES_ERROR;
				CLANG_WARN_UNREACHABLE_CODE = YES;
				CLANG_WARN__DUPLICATE_METHOD_MATCH = YES;
				COPY_PHASE_STRIP = NO;
				ENABLE_STRICT_OBJC_MSGSEND = YES;
				GCC_C_LANGUAGE_STANDARD = gnu99;
				GCC_DYNAMIC_NO_PIC = NO;
				GCC_OPTIMIZATION_LEVEL = 0;
				GCC_PREPROCESSOR_DEFINITIONS = (
					"DEBUG=1",
					"$(inherited)",
				);
				GCC_SYMBOLS_PRIVATE_EXTERN = NO;
				GCC_WARN_64_TO_32_BIT_CONVERSION = YES;
				GCC_WARN_ABOUT_RETURN_TYPE = YES_ERROR;
				GCC_WARN_UNDECLARED_SELECTOR = YES;
				GCC_WARN_UNINITIALIZED_AUTOS = YES_AGGRESSIVE;
				GCC_WARN_UNUSED_FUNCTION = YES;
				GCC_WARN_UNUSED_VARIABLE = YES;
				MACOSX_DEPLOYMENT_TARGET = 10.10;
				MTL_ENABLE_DEBUG_INFO = YES;
				ONLY_ACTIVE_ARCH = YES;
				SDKROOT = macosx;
			};
			name = Debug;
		};
		6186E0EF1A2E052C001554B4 /* Release */ = {
			isa = XCBuildConfiguration;
			buildSettings = {
				ALWAYS_SEARCH_USER_PATHS = NO;
				CLANG_CXX_LANGUAGE_STANDARD = "gnu++0x";
				CLANG_CXX_LIBRARY = "libc++";
				CLANG_ENABLE_MODULES = YES;
				CLANG_ENABLE_OBJC_ARC = YES;
				CLANG_WARN_BOOL_CONVERSION = YES;
				CLANG_WARN_CONSTANT_CONVERSION = YES;
				CLANG_WARN_DIRECT_OBJC_ISA_USAGE = YES_ERROR;
				CLANG_WARN_EMPTY_BODY = YES;
				CLANG_WARN_ENUM_CONVERSION = YES;
				CLANG_WARN_INT_CONVERSION = YES;
				CLANG_WARN_OBJC_ROOT_CLASS = YES_ERROR;
				CLANG_WARN_UNREACHABLE_CODE = YES;
				CLANG_WARN__DUPLICATE_METHOD_MATCH = YES;
				COPY_PHASE_STRIP = YES;
				DEBUG_INFORMATION_FORMAT = "dwarf-with-dsym";
				ENABLE_NS_ASSERTIONS = NO;
				ENABLE_STRICT_OBJC_MSGSEND = YES;
				GCC_C_LANGUAGE_STANDARD = gnu99;
				GCC_WARN_64_TO_32_BIT_CONVERSION = YES;
				GCC_WARN_ABOUT_RETURN_TYPE = YES_ERROR;
				GCC_WARN_UNDECLARED_SELECTOR = YES;
				GCC_WARN_UNINITIALIZED_AUTOS = YES_AGGRESSIVE;
				GCC_WARN_UNUSED_FUNCTION = YES;
				GCC_WARN_UNUSED_VARIABLE = YES;
				MACOSX_DEPLOYMENT_TARGET = 10.10;
				MTL_ENABLE_DEBUG_INFO = NO;
				SDKROOT = macosx;
			};
			name = Release;
		};
		6186E0F11A2E052C001554B4 /* Debug */ = {
			isa = XCBuildConfiguration;
			buildSettings = {
				PRODUCT_NAME = "$(TARGET_NAME)";
			};
			name = Debug;
		};
		6186E0F21A2E052C001554B4 /* Release */ = {
			isa = XCBuildConfiguration;
			buildSettings = {
				PRODUCT_NAME = "$(TARGET_NAME)";
			};
			name = Release;
		};
/* End XCBuildConfiguration section */

/* Begin XCConfigurationList section */
		6186E0E41A2E052C001554B4 /* Build configuration list for PBXProject "MemoryAllocation" */ = {
			isa = XCConfigurationList;
			buildConfigurations = (
				6186E0EE1A2E052C001554B4 /* Debug */,
				6186E0EF1A2E052C001554B4 /* Release */,
			);
			defaultConfigurationIsVisible = 0;
			defaultConfigurationName = Release;
		};
		6186E0F01A2E052C001554B4 /* Build configuration list for PBXNativeTarget "MemoryAllocation" */ = {
			isa = XCConfigurationList;
			buildConfigurations = (
				6186E0F11A2E052C001554B4 /* Debug */,
				6186E0F21A2E052C001554B4 /* Release */,
			);
			defaultConfigurationIsVisible = 0;
		};
/* End XCConfigurationList section */
	};
	rootObject = 6186E0E11A2E052C001554B4 /* Project object */;
}
